// !$*UTF8*$!
{
	archiveVersion = 1;
	classes = {
	};
	objectVersion = 56;
	objects = {

/* Begin PBXBuildFile section */
		29A57EF3296CE2330063C2DB /* AppDelegate.swift in Sources */ = {isa = PBXBuildFile; fileRef = 29A57EF2296CE2330063C2DB /* AppDelegate.swift */; };
		29A57EF5296CE2330063C2DB /* SceneDelegate.swift in Sources */ = {isa = PBXBuildFile; fileRef = 29A57EF4296CE2330063C2DB /* SceneDelegate.swift */; };
		29A57EF7296CE2330063C2DB /* CategoryVC.swift in Sources */ = {isa = PBXBuildFile; fileRef = 29A57EF6296CE2330063C2DB /* CategoryVC.swift */; };
		29A57EFA296CE2330063C2DB /* Main.storyboard in Resources */ = {isa = PBXBuildFile; fileRef = 29A57EF8296CE2330063C2DB /* Main.storyboard */; };
		29A57EFC296CE2340063C2DB /* Assets.xcassets in Resources */ = {isa = PBXBuildFile; fileRef = 29A57EFB296CE2340063C2DB /* Assets.xcassets */; };
		29A57EFF296CE2340063C2DB /* LaunchScreen.storyboard in Resources */ = {isa = PBXBuildFile; fileRef = 29A57EFD296CE2340063C2DB /* LaunchScreen.storyboard */; };
		29A57F12296CEA700063C2DB /* FeedVC.swift in Sources */ = {isa = PBXBuildFile; fileRef = 29A57F11296CEA700063C2DB /* FeedVC.swift */; };
		29A57F14296CEA800063C2DB /* DetailVC.swift in Sources */ = {isa = PBXBuildFile; fileRef = 29A57F13296CEA800063C2DB /* DetailVC.swift */; };
		29C2C6DE296D80840080FC09 /* CategoryCell.swift in Sources */ = {isa = PBXBuildFile; fileRef = 29C2C6DC296D80840080FC09 /* CategoryCell.swift */; };
		29C2C6DF296D80840080FC09 /* CategoryCell.xib in Resources */ = {isa = PBXBuildFile; fileRef = 29C2C6DD296D80840080FC09 /* CategoryCell.xib */; };
/* End PBXBuildFile section */

/* Begin PBXFileReference section */
		29A57EEF296CE2330063C2DB /* News.app */ = {isa = PBXFileReference; explicitFileType = wrapper.application; includeInIndex = 0; path = News.app; sourceTree = BUILT_PRODUCTS_DIR; };
		29A57EF2296CE2330063C2DB /* AppDelegate.swift */ = {isa = PBXFileReference; lastKnownFileType = sourcecode.swift; path = AppDelegate.swift; sourceTree = "<group>"; };
		29A57EF4296CE2330063C2DB /* SceneDelegate.swift */ = {isa = PBXFileReference; lastKnownFileType = sourcecode.swift; path = SceneDelegate.swift; sourceTree = "<group>"; };
		29A57EF6296CE2330063C2DB /* CategoryVC.swift */ = {isa = PBXFileReference; lastKnownFileType = sourcecode.swift; path = CategoryVC.swift; sourceTree = "<group>"; };
		29A57EF9296CE2330063C2DB /* Base */ = {isa = PBXFileReference; lastKnownFileType = file.storyboard; name = Base; path = Base.lproj/Main.storyboard; sourceTree = "<group>"; };
		29A57EFB296CE2340063C2DB /* Assets.xcassets */ = {isa = PBXFileReference; lastKnownFileType = folder.assetcatalog; path = Assets.xcassets; sourceTree = "<group>"; };
		29A57EFE296CE2340063C2DB /* Base */ = {isa = PBXFileReference; lastKnownFileType = file.storyboard; name = Base; path = Base.lproj/LaunchScreen.storyboard; sourceTree = "<group>"; };
		29A57F00296CE2340063C2DB /* Info.plist */ = {isa = PBXFileReference; lastKnownFileType = text.plist.xml; path = Info.plist; sourceTree = "<group>"; };
		29A57F11296CEA700063C2DB /* FeedVC.swift */ = {isa = PBXFileReference; lastKnownFileType = sourcecode.swift; path = FeedVC.swift; sourceTree = "<group>"; };
		29A57F13296CEA800063C2DB /* DetailVC.swift */ = {isa = PBXFileReference; lastKnownFileType = sourcecode.swift; path = DetailVC.swift; sourceTree = "<group>"; };
		29C2C6DC296D80840080FC09 /* CategoryCell.swift */ = {isa = PBXFileReference; lastKnownFileType = sourcecode.swift; path = CategoryCell.swift; sourceTree = "<group>"; };
		29C2C6DD296D80840080FC09 /* CategoryCell.xib */ = {isa = PBXFileReference; lastKnownFileType = file.xib; path = CategoryCell.xib; sourceTree = "<group>"; };
/* End PBXFileReference section */

/* Begin PBXFrameworksBuildPhase section */
		29A57EEC296CE2330063C2DB /* Frameworks */ = {
			isa = PBXFrameworksBuildPhase;
			buildActionMask = 2147483647;
			files = (
			);
			runOnlyForDeploymentPostprocessing = 0;
		};
/* End PBXFrameworksBuildPhase section */

/* Begin PBXGroup section */
		29A57EE6296CE2320063C2DB = {
			isa = PBXGroup;
			children = (
				29A57EF1296CE2330063C2DB /* News */,
				29A57EF0296CE2330063C2DB /* Products */,
			);
			sourceTree = "<group>";
		};
		29A57EF0296CE2330063C2DB /* Products */ = {
			isa = PBXGroup;
			children = (
				29A57EEF296CE2330063C2DB /* News.app */,
			);
			name = Products;
			sourceTree = "<group>";
		};
		29A57EF1296CE2330063C2DB /* News */ = {
			isa = PBXGroup;
			children = (
				29A57F06296CE2720063C2DB /* Delegates */,
				29A57F08296CE3610063C2DB /* Scenes */,
				29A57F09296CE36C0063C2DB /* Views */,
				29A57F07296CE3520063C2DB /* SupportingFiles */,
				29A57F00296CE2340063C2DB /* Info.plist */,
			);
			path = News;
			sourceTree = "<group>";
		};
		29A57F06296CE2720063C2DB /* Delegates */ = {
			isa = PBXGroup;
			children = (
				29A57EF2296CE2330063C2DB /* AppDelegate.swift */,
				29A57EF4296CE2330063C2DB /* SceneDelegate.swift */,
			);
			path = Delegates;
			sourceTree = "<group>";
		};
		29A57F07296CE3520063C2DB /* SupportingFiles */ = {
			isa = PBXGroup;
			children = (
				29A57EFB296CE2340063C2DB /* Assets.xcassets */,
				29A57EFD296CE2340063C2DB /* LaunchScreen.storyboard */,
			);
			path = SupportingFiles;
			sourceTree = "<group>";
		};
		29A57F08296CE3610063C2DB /* Scenes */ = {
			isa = PBXGroup;
			children = (
				29A57F0A296CE3B90063C2DB /* Category */,
				29A57F0B296CE3D10063C2DB /* Feed */,
				29A57F0C296CE3EB0063C2DB /* Detail */,
			);
			path = Scenes;
			sourceTree = "<group>";
		};
		29A57F09296CE36C0063C2DB /* Views */ = {
			isa = PBXGroup;
			children = (
				29A57EF8296CE2330063C2DB /* Main.storyboard */,
				29C2C6DD296D80840080FC09 /* CategoryCell.xib */,
			);
			path = Views;
			sourceTree = "<group>";
		};
		29A57F0A296CE3B90063C2DB /* Category */ = {
			isa = PBXGroup;
			children = (
				29A57EF6296CE2330063C2DB /* CategoryVC.swift */,
				29C2C6DC296D80840080FC09 /* CategoryCell.swift */,
			);
			path = Category;
			sourceTree = "<group>";
		};
		29A57F0B296CE3D10063C2DB /* Feed */ = {
			isa = PBXGroup;
			children = (
				29A57F11296CEA700063C2DB /* FeedVC.swift */,
			);
			path = Feed;
			sourceTree = "<group>";
		};
		29A57F0C296CE3EB0063C2DB /* Detail */ = {
			isa = PBXGroup;
			children = (
				29A57F13296CEA800063C2DB /* DetailVC.swift */,
			);
			path = Detail;
			sourceTree = "<group>";
		};
/* End PBXGroup section */

/* Begin PBXNativeTarget section */
		29A57EEE296CE2330063C2DB /* News */ = {
			isa = PBXNativeTarget;
			buildConfigurationList = 29A57F03296CE2340063C2DB /* Build configuration list for PBXNativeTarget "News" */;
			buildPhases = (
				29A57EEB296CE2330063C2DB /* Sources */,
				29A57EEC296CE2330063C2DB /* Frameworks */,
				29A57EED296CE2330063C2DB /* Resources */,
			);
			buildRules = (
			);
			dependencies = (
			);
			name = News;
			productName = News;
			productReference = 29A57EEF296CE2330063C2DB /* News.app */;
			productType = "com.apple.product-type.application";
		};
/* End PBXNativeTarget section */

/* Begin PBXProject section */
		29A57EE7296CE2320063C2DB /* Project object */ = {
			isa = PBXProject;
			attributes = {
				BuildIndependentTargetsInParallel = 1;
				LastSwiftUpdateCheck = 1420;
				LastUpgradeCheck = 1420;
				TargetAttributes = {
					29A57EEE296CE2330063C2DB = {
						CreatedOnToolsVersion = 14.2;
					};
				};
			};
			buildConfigurationList = 29A57EEA296CE2320063C2DB /* Build configuration list for PBXProject "News" */;
			compatibilityVersion = "Xcode 14.0";
			developmentRegion = en;
			hasScannedForEncodings = 0;
			knownRegions = (
				en,
				Base,
			);
			mainGroup = 29A57EE6296CE2320063C2DB;
			productRefGroup = 29A57EF0296CE2330063C2DB /* Products */;
			projectDirPath = "";
			projectRoot = "";
			targets = (
				29A57EEE296CE2330063C2DB /* News */,
			);
		};
/* End PBXProject section */

/* Begin PBXResourcesBuildPhase section */
		29A57EED296CE2330063C2DB /* Resources */ = {
			isa = PBXResourcesBuildPhase;
			buildActionMask = 2147483647;
			files = (
				29A57EFF296CE2340063C2DB /* LaunchScreen.storyboard in Resources */,
				29A57EFC296CE2340063C2DB /* Assets.xcassets in Resources */,
				29A57EFA296CE2330063C2DB /* Main.storyboard in Resources */,
				29C2C6DF296D80840080FC09 /* CategoryCell.xib in Resources */,
			);
			runOnlyForDeploymentPostprocessing = 0;
		};
/* End PBXResourcesBuildPhase section */

/* Begin PBXSourcesBuildPhase section */
		29A57EEB296CE2330063C2DB /* Sources */ = {
			isa = PBXSourcesBuildPhase;
			buildActionMask = 2147483647;
			files = (
				29A57F14296CEA800063C2DB /* DetailVC.swift in Sources */,
				29A57F12296CEA700063C2DB /* FeedVC.swift in Sources */,
				29A57EF7296CE2330063C2DB /* CategoryVC.swift in Sources */,
				29A57EF3296CE2330063C2DB /* AppDelegate.swift in Sources */,
				29A57EF5296CE2330063C2DB /* SceneDelegate.swift in Sources */,
				29C2C6DE296D80840080FC09 /* CategoryCell.swift in Sources */,
			);
			runOnlyForDeploymentPostprocessing = 0;
		};
/* End PBXSourcesBuildPhase section */

/* Begin PBXVariantGroup section */
		29A57EF8296CE2330063C2DB /* Main.storyboard */ = {
			isa = PBXVariantGroup;
			children = (
				29A57EF9296CE2330063C2DB /* Base */,
			);
			name = Main.storyboard;
			sourceTree = "<group>";
		};
		29A57EFD296CE2340063C2DB /* LaunchScreen.storyboard */ = {
			isa = PBXVariantGroup;
			children = (
				29A57EFE296CE2340063C2DB /* Base */,
			);
			name = LaunchScreen.storyboard;
			sourceTree = "<group>";
		};
/* End PBXVariantGroup section */

/* Begin XCBuildConfiguration section */
		29A57F01296CE2340063C2DB /* Debug */ = {
			isa = XCBuildConfiguration;
			buildSettings = {
				ALWAYS_SEARCH_USER_PATHS = NO;
				CLANG_ANALYZER_NONNULL = YES;
				CLANG_ANALYZER_NUMBER_OBJECT_CONVERSION = YES_AGGRESSIVE;
				CLANG_CXX_LANGUAGE_STANDARD = "gnu++20";
				CLANG_ENABLE_MODULES = YES;
				CLANG_ENABLE_OBJC_ARC = YES;
				CLANG_ENABLE_OBJC_WEAK = YES;
				CLANG_WARN_BLOCK_CAPTURE_AUTORELEASING = YES;
				CLANG_WARN_BOOL_CONVERSION = YES;
				CLANG_WARN_COMMA = YES;
				CLANG_WARN_CONSTANT_CONVERSION = YES;
				CLANG_WARN_DEPRECATED_OBJC_IMPLEMENTATIONS = YES;
				CLANG_WARN_DIRECT_OBJC_ISA_USAGE = YES_ERROR;
				CLANG_WARN_DOCUMENTATION_COMMENTS = YES;
				CLANG_WARN_EMPTY_BODY = YES;
				CLANG_WARN_ENUM_CONVERSION = YES;
				CLANG_WARN_INFINITE_RECURSION = YES;
				CLANG_WARN_INT_CONVERSION = YES;
				CLANG_WARN_NON_LITERAL_NULL_CONVERSION = YES;
				CLANG_WARN_OBJC_IMPLICIT_RETAIN_SELF = YES;
				CLANG_WARN_OBJC_LITERAL_CONVERSION = YES;
				CLANG_WARN_OBJC_ROOT_CLASS = YES_ERROR;
				CLANG_WARN_QUOTED_INCLUDE_IN_FRAMEWORK_HEADER = YES;
				CLANG_WARN_RANGE_LOOP_ANALYSIS = YES;
				CLANG_WARN_STRICT_PROTOTYPES = YES;
				CLANG_WARN_SUSPICIOUS_MOVE = YES;
				CLANG_WARN_UNGUARDED_AVAILABILITY = YES_AGGRESSIVE;
				CLANG_WARN_UNREACHABLE_CODE = YES;
				CLANG_WARN__DUPLICATE_METHOD_MATCH = YES;
				COPY_PHASE_STRIP = NO;
				DEBUG_INFORMATION_FORMAT = dwarf;
				ENABLE_STRICT_OBJC_MSGSEND = YES;
				ENABLE_TESTABILITY = YES;
				GCC_C_LANGUAGE_STANDARD = gnu11;
				GCC_DYNAMIC_NO_PIC = NO;
				GCC_NO_COMMON_BLOCKS = YES;
				GCC_OPTIMIZATION_LEVEL = 0;
				GCC_PREPROCESSOR_DEFINITIONS = (
					"DEBUG=1",
					"$(inherited)",
				);
				GCC_WARN_64_TO_32_BIT_CONVERSION = YES;
				GCC_WARN_ABOUT_RETURN_TYPE = YES_ERROR;
				GCC_WARN_UNDECLARED_SELECTOR = YES;
				GCC_WARN_UNINITIALIZED_AUTOS = YES_AGGRESSIVE;
				GCC_WARN_UNUSED_FUNCTION = YES;
				GCC_WARN_UNUSED_VARIABLE = YES;
				IPHONEOS_DEPLOYMENT_TARGET = 16.2;
				MTL_ENABLE_DEBUG_INFO = INCLUDE_SOURCE;
				MTL_FAST_MATH = YES;
				ONLY_ACTIVE_ARCH = YES;
				SDKROOT = iphoneos;
				SWIFT_ACTIVE_COMPILATION_CONDITIONS = DEBUG;
				SWIFT_OPTIMIZATION_LEVEL = "-Onone";
			};
			name = Debug;
		};
		29A57F02296CE2340063C2DB /* Release */ = {
			isa = XCBuildConfiguration;
			buildSettings = {
				ALWAYS_SEARCH_USER_PATHS = NO;
				CLANG_ANALYZER_NONNULL = YES;
				CLANG_ANALYZER_NUMBER_OBJECT_CONVERSION = YES_AGGRESSIVE;
				CLANG_CXX_LANGUAGE_STANDARD = "gnu++20";
				CLANG_ENABLE_MODULES = YES;
				CLANG_ENABLE_OBJC_ARC = YES;
				CLANG_ENABLE_OBJC_WEAK = YES;
				CLANG_WARN_BLOCK_CAPTURE_AUTORELEASING = YES;
				CLANG_WARN_BOOL_CONVERSION = YES;
				CLANG_WARN_COMMA = YES;
				CLANG_WARN_CONSTANT_CONVERSION = YES;
				CLANG_WARN_DEPRECATED_OBJC_IMPLEMENTATIONS = YES;
				CLANG_WARN_DIRECT_OBJC_ISA_USAGE = YES_ERROR;
				CLANG_WARN_DOCUMENTATION_COMMENTS = YES;
				CLANG_WARN_EMPTY_BODY = YES;
				CLANG_WARN_ENUM_CONVERSION = YES;
				CLANG_WARN_INFINITE_RECURSION = YES;
				CLANG_WARN_INT_CONVERSION = YES;
				CLANG_WARN_NON_LITERAL_NULL_CONVERSION = YES;
				CLANG_WARN_OBJC_IMPLICIT_RETAIN_SELF = YES;
				CLANG_WARN_OBJC_LITERAL_CONVERSION = YES;
				CLANG_WARN_OBJC_ROOT_CLASS = YES_ERROR;
				CLANG_WARN_QUOTED_INCLUDE_IN_FRAMEWORK_HEADER = YES;
				CLANG_WARN_RANGE_LOOP_ANALYSIS = YES;
				CLANG_WARN_STRICT_PROTOTYPES = YES;
				CLANG_WARN_SUSPICIOUS_MOVE = YES;
				CLANG_WARN_UNGUARDED_AVAILABILITY = YES_AGGRESSIVE;
				CLANG_WARN_UNREACHABLE_CODE = YES;
				CLANG_WARN__DUPLICATE_METHOD_MATCH = YES;
				COPY_PHASE_STRIP = NO;
				DEBUG_INFORMATION_FORMAT = "dwarf-with-dsym";
				ENABLE_NS_ASSERTIONS = NO;
				ENABLE_STRICT_OBJC_MSGSEND = YES;
				GCC_C_LANGUAGE_STANDARD = gnu11;
				GCC_NO_COMMON_BLOCKS = YES;
				GCC_WARN_64_TO_32_BIT_CONVERSION = YES;
				GCC_WARN_ABOUT_RETURN_TYPE = YES_ERROR;
				GCC_WARN_UNDECLARED_SELECTOR = YES;
				GCC_WARN_UNINITIALIZED_AUTOS = YES_AGGRESSIVE;
				GCC_WARN_UNUSED_FUNCTION = YES;
				GCC_WARN_UNUSED_VARIABLE = YES;
				IPHONEOS_DEPLOYMENT_TARGET = 16.2;
				MTL_ENABLE_DEBUG_INFO = NO;
				MTL_FAST_MATH = YES;
				SDKROOT = iphoneos;
				SWIFT_COMPILATION_MODE = wholemodule;
				SWIFT_OPTIMIZATION_LEVEL = "-O";
				VALIDATE_PRODUCT = YES;
			};
			name = Release;
		};
		29A57F04296CE2340063C2DB /* Debug */ = {
			isa = XCBuildConfiguration;
			buildSettings = {
				ASSETCATALOG_COMPILER_APPICON_NAME = AppIcon;
				ASSETCATALOG_COMPILER_GLOBAL_ACCENT_COLOR_NAME = AccentColor;
				CODE_SIGN_STYLE = Automatic;
				CURRENT_PROJECT_VERSION = 1;
				DEVELOPMENT_TEAM = Q697MV4D34;
				GENERATE_INFOPLIST_FILE = YES;
				INFOPLIST_FILE = News/Info.plist;
				INFOPLIST_KEY_UIApplicationSupportsIndirectInputEvents = YES;
				INFOPLIST_KEY_UILaunchStoryboardName = LaunchScreen;
				INFOPLIST_KEY_UIMainStoryboardFile = Main;
				INFOPLIST_KEY_UISupportedInterfaceOrientations_iPad = "UIInterfaceOrientationPortrait UIInterfaceOrientationPortraitUpsideDown UIInterfaceOrientationLandscapeLeft UIInterfaceOrientationLandscapeRight";
				INFOPLIST_KEY_UISupportedInterfaceOrientations_iPhone = "UIInterfaceOrientationPortrait UIInterfaceOrientationLandscapeLeft UIInterfaceOrientationLandscapeRight";
				LD_RUNPATH_SEARCH_PATHS = (
					"$(inherited)",
					"@executable_path/Frameworks",
				);
				MARKETING_VERSION = 1.0;
				PRODUCT_BUNDLE_IDENTIFIER = com.melihyuvaci.News;
				PRODUCT_NAME = "$(TARGET_NAME)";
				SWIFT_EMIT_LOC_STRINGS = YES;
				SWIFT_VERSION = 5.0;
				TARGETED_DEVICE_FAMILY = "1,2";
			};
			name = Debug;
		};
		29A57F05296CE2340063C2DB /* Release */ = {
			isa = XCBuildConfiguration;
			buildSettings = {
				ASSETCATALOG_COMPILER_APPICON_NAME = AppIcon;
				ASSETCATALOG_COMPILER_GLOBAL_ACCENT_COLOR_NAME = AccentColor;
				CODE_SIGN_STYLE = Automatic;
				CURRENT_PROJECT_VERSION = 1;
				DEVELOPMENT_TEAM = Q697MV4D34;
				GENERATE_INFOPLIST_FILE = YES;
				INFOPLIST_FILE = News/Info.plist;
				INFOPLIST_KEY_UIApplicationSupportsIndirectInputEvents = YES;
				INFOPLIST_KEY_UILaunchStoryboardName = LaunchScreen;
				INFOPLIST_KEY_UIMainStoryboardFile = Main;
				INFOPLIST_KEY_UISupportedInterfaceOrientations_iPad = "UIInterfaceOrientationPortrait UIInterfaceOrientationPortraitUpsideDown UIInterfaceOrientationLandscapeLeft UIInterfaceOrientationLandscapeRight";
				INFOPLIST_KEY_UISupportedInterfaceOrientations_iPhone = "UIInterfaceOrientationPortrait UIInterfaceOrientationLandscapeLeft UIInterfaceOrientationLandscapeRight";
				LD_RUNPATH_SEARCH_PATHS = (
					"$(inherited)",
					"@executable_path/Frameworks",
				);
				MARKETING_VERSION = 1.0;
				PRODUCT_BUNDLE_IDENTIFIER = com.melihyuvaci.News;
				PRODUCT_NAME = "$(TARGET_NAME)";
				SWIFT_EMIT_LOC_STRINGS = YES;
				SWIFT_VERSION = 5.0;
				TARGETED_DEVICE_FAMILY = "1,2";
			};
			name = Release;
		};
/* End XCBuildConfiguration section */

/* Begin XCConfigurationList section */
		29A57EEA296CE2320063C2DB /* Build configuration list for PBXProject "News" */ = {
			isa = XCConfigurationList;
			buildConfigurations = (
				29A57F01296CE2340063C2DB /* Debug */,
				29A57F02296CE2340063C2DB /* Release */,
			);
			defaultConfigurationIsVisible = 0;
			defaultConfigurationName = Release;
		};
		29A57F03296CE2340063C2DB /* Build configuration list for PBXNativeTarget "News" */ = {
			isa = XCConfigurationList;
			buildConfigurations = (
				29A57F04296CE2340063C2DB /* Debug */,
				29A57F05296CE2340063C2DB /* Release */,
			);
			defaultConfigurationIsVisible = 0;
			defaultConfigurationName = Release;
		};
/* End XCConfigurationList section */
	};
	rootObject = 29A57EE7296CE2320063C2DB /* Project object */;
}
